
Microsoft Visual Studio Solution File, Format Version 12.00
# Visual Studio Version 16
VisualStudioVersion = 16.0.32106.194
MinimumVisualStudioVersion = 10.0.40219.1
Project("{CC5FD16D-436D-48AD-A40C-5A424C6E3E79}") = "simpleCSES", "simpleCSES\simpleCSES.ccproj", "{5C4794FD-EB7B-4026-B545-D0BCF28F9CA0}"
EndProject
Project("{FAE04EC0-301F-11D3-BF4B-00C04F79EFBC}") = "WebRole1", "WebRole1\WebRole1.csproj", "{AA241B93-9F24-459B-8C30-1371C449885C}"
EndProject
Global
	GlobalSection(SolutionConfigurationPlatforms) = preSolution
		Debug|Any CPU = Debug|Any CPU
		Release|Any CPU = Release|Any CPU
	EndGlobalSection
	GlobalSection(ProjectConfigurationPlatforms) = postSolution
		{5C4794FD-EB7B-4026-B545-D0BCF28F9CA0}.Debug|Any CPU.ActiveCfg = Debug|Any CPU
		{5C4794FD-EB7B-4026-B545-D0BCF28F9CA0}.Debug|Any CPU.Build.0 = Debug|Any CPU
		{5C4794FD-EB7B-4026-B545-D0BCF28F9CA0}.Release|Any CPU.ActiveCfg = Release|Any CPU
		{5C4794FD-EB7B-4026-B545-D0BCF28F9CA0}.Release|Any CPU.Build.0 = Release|Any CPU
		{AA241B93-9F24-459B-8C30-1371C449885C}.Debug|Any CPU.ActiveCfg = Debug|Any CPU
		{AA241B93-9F24-459B-8C30-1371C449885C}.Debug|Any CPU.Build.0 = Debug|Any CPU
		{AA241B93-9F24-459B-8C30-1371C449885C}.Release|Any CPU.ActiveCfg = Release|Any CPU
		{AA241B93-9F24-459B-8C30-1371C449885C}.Release|Any CPU.Build.0 = Release|Any CPU
	EndGlobalSection
	GlobalSection(SolutionProperties) = preSolution
		HideSolutionNode = FALSE
	EndGlobalSection
	GlobalSection(ExtensibilityGlobals) = postSolution
		SolutionGuid = {21417F95-5B20-4DB7-ACB1-9952824B01B5}
	EndGlobalSection
EndGlobal
